
Microsoft Visual Studio Solution File, Format Version 12.00
# Visual Studio Version 17
VisualStudioVersion = 17.3.32811.315
MinimumVisualStudioVersion = 10.0.40219.1
Project("{8BC9CEB8-8B4A-11D0-8D11-00A0C91BC942}") = "주성", "주성\주성.vcxproj", "{DCE9E968-AB87-47EF-B6DA-7A88C83304F6}"
EndProject
Global
	GlobalSection(SolutionConfigurationPlatforms) = preSolution
		Debug|x64 = Debug|x64
		Debug|x86 = Debug|x86
		Release|x64 = Release|x64
		Release|x86 = Release|x86
	EndGlobalSection
	GlobalSection(ProjectConfigurationPlatforms) = postSolution
		{DCE9E968-AB87-47EF-B6DA-7A88C83304F6}.Debug|x64.ActiveCfg = Debug|x64
		{DCE9E968-AB87-47EF-B6DA-7A88C83304F6}.Debug|x64.Build.0 = Debug|x64
		{DCE9E968-AB87-47EF-B6DA-7A88C83304F6}.Debug|x86.ActiveCfg = Debug|Win32
		{DCE9E968-AB87-47EF-B6DA-7A88C83304F6}.Debug|x86.Build.0 = Debug|Win32
		{DCE9E968-AB87-47EF-B6DA-7A88C83304F6}.Release|x64.ActiveCfg = Release|x64
		{DCE9E968-AB87-47EF-B6DA-7A88C83304F6}.Release|x64.Build.0 = Release|x64
		{DCE9E968-AB87-47EF-B6DA-7A88C83304F6}.Release|x86.ActiveCfg = Release|Win32
		{DCE9E968-AB87-47EF-B6DA-7A88C83304F6}.Release|x86.Build.0 = Release|Win32
	EndGlobalSection
	GlobalSection(SolutionProperties) = preSolution
		HideSolutionNode = FALSE
	EndGlobalSection
	GlobalSection(ExtensibilityGlobals) = postSolution
		SolutionGuid = {403124FE-151C-4287-9D6A-B228E774542C}
	EndGlobalSection
EndGlobal
